
Microsoft Visual Studio Solution File, Format Version 12.00
# Visual Studio Version 17
VisualStudioVersion = 17.5.33530.505
MinimumVisualStudioVersion = 10.0.40219.1
Project("{FAE04EC0-301F-11D3-BF4B-00C04F79EFBC}") = "Leisure", "Leisure\Leisure.csproj", "{47AD6567-C300-4C18-846C-C0549BCBC984}"
EndProject
Global
	GlobalSection(SolutionConfigurationPlatforms) = preSolution
		Debug|Any CPU = Debug|Any CPU
		Release|Any CPU = Release|Any CPU
	EndGlobalSection
	GlobalSection(ProjectConfigurationPlatforms) = postSolution
		{47AD6567-C300-4C18-846C-C0549BCBC984}.Debug|Any CPU.ActiveCfg = Debug|Any CPU
		{47AD6567-C300-4C18-846C-C0549BCBC984}.Debug|Any CPU.Build.0 = Debug|Any CPU
		{47AD6567-C300-4C18-846C-C0549BCBC984}.Release|Any CPU.ActiveCfg = Release|Any CPU
		{47AD6567-C300-4C18-846C-C0549BCBC984}.Release|Any CPU.Build.0 = Release|Any CPU
	EndGlobalSection
	GlobalSection(SolutionProperties) = preSolution
		HideSolutionNode = FALSE
	EndGlobalSection
	GlobalSection(ExtensibilityGlobals) = postSolution
		SolutionGuid = {4CBE9193-C005-41C5-9F08-5D5E7B22E25A}
	EndGlobalSection
EndGlobal
